
Microsoft Visual Studio Solution File, Format Version 12.00
# Visual Studio 2013
VisualStudioVersion = 12.0.31101.0
MinimumVisualStudioVersion = 10.0.40219.1
Project("{9092AA53-FB77-4645-B42D-1CCCA6BD08BD}") = "Lecture1", "LectureDemoLiveJQuery\Lecture1.njsproj", "{BEED7D17-4E69-4E92-A085-3961213EFDA2}"
EndProject
Project("{262852C6-CD72-467D-83FE-5EEB1973A190}") = "Lecture4", "Lecture4\Lecture4.jsproj", "{39C4BE0E-6C06-4CC1-8E62-F1C4A29FB27D}"
EndProject
Project("{9092AA53-FB77-4645-B42D-1CCCA6BD08BD}") = "Lecture6", "Lecture06\Lecture6.njsproj", "{781D0E4A-6C22-41D1-9576-0F41D711380E}"
EndProject
Project("{9092AA53-FB77-4645-B42D-1CCCA6BD08BD}") = "JavaScriptAppsExam", "JavaScriptAppsExam\JavaScriptAppsExam.njsproj", "{A1A8EFA4-6F2F-4881-944E-742F7B59B092}"
EndProject
Project("{9092AA53-FB77-4645-B42D-1CCCA6BD08BD}") = "Test", "Test\Test.njsproj", "{846C3748-6666-438C-96EA-B34B1934B5C1}"
EndProject
Project("{9092AA53-FB77-4645-B42D-1CCCA6BD08BD}") = "Test2", "Test2\Test2.njsproj", "{563357BD-1E68-4036-9C70-A97666C63F20}"
EndProject
Global
	GlobalSection(SolutionConfigurationPlatforms) = preSolution
		Debug|Android = Debug|Android
		Debug|Any CPU = Debug|Any CPU
		Debug|iOS = Debug|iOS
		Debug|Mixed Platforms = Debug|Mixed Platforms
		Debug|Windows Phone (Universal) = Debug|Windows Phone (Universal)
		Debug|Windows Phone 8 = Debug|Windows Phone 8
		Debug|Windows-AnyCPU = Debug|Windows-AnyCPU
		Debug|Windows-ARM = Debug|Windows-ARM
		Debug|Windows-x64 = Debug|Windows-x64
		Debug|Windows-x86 = Debug|Windows-x86
		Distribution|Android = Distribution|Android
		Distribution|Any CPU = Distribution|Any CPU
		Distribution|iOS = Distribution|iOS
		Distribution|Mixed Platforms = Distribution|Mixed Platforms
		Distribution|Windows Phone (Universal) = Distribution|Windows Phone (Universal)
		Distribution|Windows Phone 8 = Distribution|Windows Phone 8
		Distribution|Windows-AnyCPU = Distribution|Windows-AnyCPU
		Distribution|Windows-ARM = Distribution|Windows-ARM
		Distribution|Windows-x64 = Distribution|Windows-x64
		Distribution|Windows-x86 = Distribution|Windows-x86
		Release|Android = Release|Android
		Release|Any CPU = Release|Any CPU
		Release|iOS = Release|iOS
		Release|Mixed Platforms = Release|Mixed Platforms
		Release|Windows Phone (Universal) = Release|Windows Phone (Universal)
		Release|Windows Phone 8 = Release|Windows Phone 8
		Release|Windows-AnyCPU = Release|Windows-AnyCPU
		Release|Windows-ARM = Release|Windows-ARM
		Release|Windows-x64 = Release|Windows-x64
		Release|Windows-x86 = Release|Windows-x86
	EndGlobalSection
	GlobalSection(ProjectConfigurationPlatforms) = postSolution
		{BEED7D17-4E69-4E92-A085-3961213EFDA2}.Debug|Android.ActiveCfg = Debug|Any CPU
		{BEED7D17-4E69-4E92-A085-3961213EFDA2}.Debug|Any CPU.ActiveCfg = Debug|Any CPU
		{BEED7D17-4E69-4E92-A085-3961213EFDA2}.Debug|Any CPU.Build.0 = Debug|Any CPU
		{BEED7D17-4E69-4E92-A085-3961213EFDA2}.Debug|iOS.ActiveCfg = Debug|Any CPU
		{BEED7D17-4E69-4E92-A085-3961213EFDA2}.Debug|Mixed Platforms.ActiveCfg = Debug|Any CPU
		{BEED7D17-4E69-4E92-A085-3961213EFDA2}.Debug|Mixed Platforms.Build.0 = Debug|Any CPU
		{BEED7D17-4E69-4E92-A085-3961213EFDA2}.Debug|Windows Phone (Universal).ActiveCfg = Debug|Any CPU
		{BEED7D17-4E69-4E92-A085-3961213EFDA2}.Debug|Windows Phone 8.ActiveCfg = Debug|Any CPU
		{BEED7D17-4E69-4E92-A085-3961213EFDA2}.Debug|Windows-AnyCPU.ActiveCfg = Debug|Any CPU
		{BEED7D17-4E69-4E92-A085-3961213EFDA2}.Debug|Windows-ARM.ActiveCfg = Debug|Any CPU
		{BEED7D17-4E69-4E92-A085-3961213EFDA2}.Debug|Windows-x64.ActiveCfg = Debug|Any CPU
		{BEED7D17-4E69-4E92-A085-3961213EFDA2}.Debug|Windows-x86.ActiveCfg = Debug|Any CPU
		{BEED7D17-4E69-4E92-A085-3961213EFDA2}.Distribution|Android.ActiveCfg = Debug|Any CPU
		{BEED7D17-4E69-4E92-A085-3961213EFDA2}.Distribution|Any CPU.ActiveCfg = Debug|Any CPU
		{BEED7D17-4E69-4E92-A085-3961213EFDA2}.Distribution|Any CPU.Build.0 = Debug|Any CPU
		{BEED7D17-4E69-4E92-A085-3961213EFDA2}.Distribution|iOS.ActiveCfg = Debug|Any CPU
		{BEED7D17-4E69-4E92-A085-3961213EFDA2}.Distribution|Mixed Platforms.ActiveCfg = Debug|Any CPU
		{BEED7D17-4E69-4E92-A085-3961213EFDA2}.Distribution|Mixed Platforms.Build.0 = Debug|Any CPU
		{BEED7D17-4E69-4E92-A085-3961213EFDA2}.Distribution|Windows Phone (Universal).ActiveCfg = Debug|Any CPU
		{BEED7D17-4E69-4E92-A085-3961213EFDA2}.Distribution|Windows Phone 8.ActiveCfg = Debug|Any CPU
		{BEED7D17-4E69-4E92-A085-3961213EFDA2}.Distribution|Windows-AnyCPU.ActiveCfg = Debug|Any CPU
		{BEED7D17-4E69-4E92-A085-3961213EFDA2}.Distribution|Windows-ARM.ActiveCfg = Debug|Any CPU
		{BEED7D17-4E69-4E92-A085-3961213EFDA2}.Distribution|Windows-x64.ActiveCfg = Debug|Any CPU
		{BEED7D17-4E69-4E92-A085-3961213EFDA2}.Distribution|Windows-x86.ActiveCfg = Debug|Any CPU
		{BEED7D17-4E69-4E92-A085-3961213EFDA2}.Release|Android.ActiveCfg = Release|Any CPU
		{BEED7D17-4E69-4E92-A085-3961213EFDA2}.Release|Any CPU.ActiveCfg = Release|Any CPU
		{BEED7D17-4E69-4E92-A085-3961213EFDA2}.Release|Any CPU.Build.0 = Release|Any CPU
		{BEED7D17-4E69-4E92-A085-3961213EFDA2}.Release|iOS.ActiveCfg = Release|Any CPU
		{BEED7D17-4E69-4E92-A085-3961213EFDA2}.Release|Mixed Platforms.ActiveCfg = Release|Any CPU
		{BEED7D17-4E69-4E92-A085-3961213EFDA2}.Release|Mixed Platforms.Build.0 = Release|Any CPU
		{BEED7D17-4E69-4E92-A085-3961213EFDA2}.Release|Windows Phone (Universal).ActiveCfg = Release|Any CPU
		{BEED7D17-4E69-4E92-A085-3961213EFDA2}.Release|Windows Phone 8.ActiveCfg = Release|Any CPU
		{BEED7D17-4E69-4E92-A085-3961213EFDA2}.Release|Windows-AnyCPU.ActiveCfg = Release|Any CPU
		{BEED7D17-4E69-4E92-A085-3961213EFDA2}.Release|Windows-ARM.ActiveCfg = Release|Any CPU
		{BEED7D17-4E69-4E92-A085-3961213EFDA2}.Release|Windows-x64.ActiveCfg = Release|Any CPU
		{BEED7D17-4E69-4E92-A085-3961213EFDA2}.Release|Windows-x86.ActiveCfg = Release|Any CPU
		{39C4BE0E-6C06-4CC1-8E62-F1C4A29FB27D}.Debug|Android.ActiveCfg = Debug|Android
		{39C4BE0E-6C06-4CC1-8E62-F1C4A29FB27D}.Debug|Android.Build.0 = Debug|Android
		{39C4BE0E-6C06-4CC1-8E62-F1C4A29FB27D}.Debug|Android.Deploy.0 = Debug|Android
		{39C4BE0E-6C06-4CC1-8E62-F1C4A29FB27D}.Debug|Any CPU.ActiveCfg = Debug|Android
		{39C4BE0E-6C06-4CC1-8E62-F1C4A29FB27D}.Debug|iOS.ActiveCfg = Debug|iOS
		{39C4BE0E-6C06-4CC1-8E62-F1C4A29FB27D}.Debug|iOS.Build.0 = Debug|iOS
		{39C4BE0E-6C06-4CC1-8E62-F1C4A29FB27D}.Debug|iOS.Deploy.0 = Debug|iOS
		{39C4BE0E-6C06-4CC1-8E62-F1C4A29FB27D}.Debug|Mixed Platforms.ActiveCfg = Debug|Android
		{39C4BE0E-6C06-4CC1-8E62-F1C4A29FB27D}.Debug|Mixed Platforms.Build.0 = Debug|Android
		{39C4BE0E-6C06-4CC1-8E62-F1C4A29FB27D}.Debug|Mixed Platforms.Deploy.0 = Debug|Android
		{39C4BE0E-6C06-4CC1-8E62-F1C4A29FB27D}.Debug|Windows Phone (Universal).ActiveCfg = Debug|Windows Phone (Universal)
		{39C4BE0E-6C06-4CC1-8E62-F1C4A29FB27D}.Debug|Windows Phone (Universal).Build.0 = Debug|Windows Phone (Universal)
		{39C4BE0E-6C06-4CC1-8E62-F1C4A29FB27D}.Debug|Windows Phone (Universal).Deploy.0 = Debug|Windows Phone (Universal)
		{39C4BE0E-6C06-4CC1-8E62-F1C4A29FB27D}.Debug|Windows Phone 8.ActiveCfg = Debug|Windows Phone 8
		{39C4BE0E-6C06-4CC1-8E62-F1C4A29FB27D}.Debug|Windows Phone 8.Build.0 = Debug|Windows Phone 8
		{39C4BE0E-6C06-4CC1-8E62-F1C4A29FB27D}.Debug|Windows Phone 8.Deploy.0 = Debug|Windows Phone 8
		{39C4BE0E-6C06-4CC1-8E62-F1C4A29FB27D}.Debug|Windows-AnyCPU.ActiveCfg = Debug|Windows-AnyCPU
		{39C4BE0E-6C06-4CC1-8E62-F1C4A29FB27D}.Debug|Windows-AnyCPU.Build.0 = Debug|Windows-AnyCPU
		{39C4BE0E-6C06-4CC1-8E62-F1C4A29FB27D}.Debug|Windows-AnyCPU.Deploy.0 = Debug|Windows-AnyCPU
		{39C4BE0E-6C06-4CC1-8E62-F1C4A29FB27D}.Debug|Windows-ARM.ActiveCfg = Debug|Windows-ARM
		{39C4BE0E-6C06-4CC1-8E62-F1C4A29FB27D}.Debug|Windows-ARM.Build.0 = Debug|Windows-ARM
		{39C4BE0E-6C06-4CC1-8E62-F1C4A29FB27D}.Debug|Windows-ARM.Deploy.0 = Debug|Windows-ARM
		{39C4BE0E-6C06-4CC1-8E62-F1C4A29FB27D}.Debug|Windows-x64.ActiveCfg = Debug|Windows-x64
		{39C4BE0E-6C06-4CC1-8E62-F1C4A29FB27D}.Debug|Windows-x64.Build.0 = Debug|Windows-x64
		{39C4BE0E-6C06-4CC1-8E62-F1C4A29FB27D}.Debug|Windows-x64.Deploy.0 = Debug|Windows-x64
		{39C4BE0E-6C06-4CC1-8E62-F1C4A29FB27D}.Debug|Windows-x86.ActiveCfg = Debug|Windows-x86
		{39C4BE0E-6C06-4CC1-8E62-F1C4A29FB27D}.Debug|Windows-x86.Build.0 = Debug|Windows-x86
		{39C4BE0E-6C06-4CC1-8E62-F1C4A29FB27D}.Debug|Windows-x86.Deploy.0 = Debug|Windows-x86
		{39C4BE0E-6C06-4CC1-8E62-F1C4A29FB27D}.Distribution|Android.ActiveCfg = Distribution|Android
		{39C4BE0E-6C06-4CC1-8E62-F1C4A29FB27D}.Distribution|Android.Build.0 = Distribution|Android
		{39C4BE0E-6C06-4CC1-8E62-F1C4A29FB27D}.Distribution|Android.Deploy.0 = Distribution|Android
		{39C4BE0E-6C06-4CC1-8E62-F1C4A29FB27D}.Distribution|Any CPU.ActiveCfg = Distribution|Android
		{39C4BE0E-6C06-4CC1-8E62-F1C4A29FB27D}.Distribution|iOS.ActiveCfg = Distribution|iOS
		{39C4BE0E-6C06-4CC1-8E62-F1C4A29FB27D}.Distribution|iOS.Build.0 = Distribution|iOS
		{39C4BE0E-6C06-4CC1-8E62-F1C4A29FB27D}.Distribution|iOS.Deploy.0 = Distribution|iOS
		{39C4BE0E-6C06-4CC1-8E62-F1C4A29FB27D}.Distribution|Mixed Platforms.ActiveCfg = Distribution|Windows Phone (Universal)
		{39C4BE0E-6C06-4CC1-8E62-F1C4A29FB27D}.Distribution|Mixed Platforms.Build.0 = Distribution|Windows Phone (Universal)
		{39C4BE0E-6C06-4CC1-8E62-F1C4A29FB27D}.Distribution|Mixed Platforms.Deploy.0 = Distribution|Windows Phone (Universal)
		{39C4BE0E-6C06-4CC1-8E62-F1C4A29FB27D}.Distribution|Windows Phone (Universal).ActiveCfg = Distribution|Windows Phone (Universal)
		{39C4BE0E-6C06-4CC1-8E62-F1C4A29FB27D}.Distribution|Windows Phone (Universal).Build.0 = Distribution|Windows Phone (Universal)
		{39C4BE0E-6C06-4CC1-8E62-F1C4A29FB27D}.Distribution|Windows Phone (Universal).Deploy.0 = Distribution|Windows Phone (Universal)
		{39C4BE0E-6C06-4CC1-8E62-F1C4A29FB27D}.Distribution|Windows Phone 8.ActiveCfg = Distribution|Windows Phone 8
		{39C4BE0E-6C06-4CC1-8E62-F1C4A29FB27D}.Distribution|Windows Phone 8.Build.0 = Distribution|Windows Phone 8
		{39C4BE0E-6C06-4CC1-8E62-F1C4A29FB27D}.Distribution|Windows Phone 8.Deploy.0 = Distribution|Windows Phone 8
		{39C4BE0E-6C06-4CC1-8E62-F1C4A29FB27D}.Distribution|Windows-AnyCPU.ActiveCfg = Distribution|Windows-AnyCPU
		{39C4BE0E-6C06-4CC1-8E62-F1C4A29FB27D}.Distribution|Windows-AnyCPU.Build.0 = Distribution|Windows-AnyCPU
		{39C4BE0E-6C06-4CC1-8E62-F1C4A29FB27D}.Distribution|Windows-AnyCPU.Deploy.0 = Distribution|Windows-AnyCPU
		{39C4BE0E-6C06-4CC1-8E62-F1C4A29FB27D}.Distribution|Windows-ARM.ActiveCfg = Distribution|Windows-ARM
		{39C4BE0E-6C06-4CC1-8E62-F1C4A29FB27D}.Distribution|Windows-ARM.Build.0 = Distribution|Windows-ARM
		{39C4BE0E-6C06-4CC1-8E62-F1C4A29FB27D}.Distribution|Windows-ARM.Deploy.0 = Distribution|Windows-ARM
		{39C4BE0E-6C06-4CC1-8E62-F1C4A29FB27D}.Distribution|Windows-x64.ActiveCfg = Distribution|Windows-x64
		{39C4BE0E-6C06-4CC1-8E62-F1C4A29FB27D}.Distribution|Windows-x64.Build.0 = Distribution|Windows-x64
		{39C4BE0E-6C06-4CC1-8E62-F1C4A29FB27D}.Distribution|Windows-x64.Deploy.0 = Distribution|Windows-x64
		{39C4BE0E-6C06-4CC1-8E62-F1C4A29FB27D}.Distribution|Windows-x86.ActiveCfg = Distribution|Windows-x86
		{39C4BE0E-6C06-4CC1-8E62-F1C4A29FB27D}.Distribution|Windows-x86.Build.0 = Distribution|Windows-x86
		{39C4BE0E-6C06-4CC1-8E62-F1C4A29FB27D}.Distribution|Windows-x86.Deploy.0 = Distribution|Windows-x86
		{39C4BE0E-6C06-4CC1-8E62-F1C4A29FB27D}.Release|Android.ActiveCfg = Release|Android
		{39C4BE0E-6C06-4CC1-8E62-F1C4A29FB27D}.Release|Android.Build.0 = Release|Android
		{39C4BE0E-6C06-4CC1-8E62-F1C4A29FB27D}.Release|Android.Deploy.0 = Release|Android
		{39C4BE0E-6C06-4CC1-8E62-F1C4A29FB27D}.Release|Any CPU.ActiveCfg = Release|Android
		{39C4BE0E-6C06-4CC1-8E62-F1C4A29FB27D}.Release|iOS.ActiveCfg = Release|iOS
		{39C4BE0E-6C06-4CC1-8E62-F1C4A29FB27D}.Release|iOS.Build.0 = Release|iOS
		{39C4BE0E-6C06-4CC1-8E62-F1C4A29FB27D}.Release|iOS.Deploy.0 = Release|iOS
		{39C4BE0E-6C06-4CC1-8E62-F1C4A29FB27D}.Release|Mixed Platforms.ActiveCfg = Release|Android
		{39C4BE0E-6C06-4CC1-8E62-F1C4A29FB27D}.Release|Mixed Platforms.Build.0 = Release|Android
		{39C4BE0E-6C06-4CC1-8E62-F1C4A29FB27D}.Release|Mixed Platforms.Deploy.0 = Release|Android
		{39C4BE0E-6C06-4CC1-8E62-F1C4A29FB27D}.Release|Windows Phone (Universal).ActiveCfg = Release|Windows Phone (Universal)
		{39C4BE0E-6C06-4CC1-8E62-F1C4A29FB27D}.Release|Windows Phone (Universal).Build.0 = Release|Windows Phone (Universal)
		{39C4BE0E-6C06-4CC1-8E62-F1C4A29FB27D}.Release|Windows Phone (Universal).Deploy.0 = Release|Windows Phone (Universal)
		{39C4BE0E-6C06-4CC1-8E62-F1C4A29FB27D}.Release|Windows Phone 8.ActiveCfg = Release|Windows Phone 8
		{39C4BE0E-6C06-4CC1-8E62-F1C4A29FB27D}.Release|Windows Phone 8.Build.0 = Release|Windows Phone 8
		{39C4BE0E-6C06-4CC1-8E62-F1C4A29FB27D}.Release|Windows Phone 8.Deploy.0 = Release|Windows Phone 8
		{39C4BE0E-6C06-4CC1-8E62-F1C4A29FB27D}.Release|Windows-AnyCPU.ActiveCfg = Release|Windows-AnyCPU
		{39C4BE0E-6C06-4CC1-8E62-F1C4A29FB27D}.Release|Windows-AnyCPU.Build.0 = Release|Windows-AnyCPU
		{39C4BE0E-6C06-4CC1-8E62-F1C4A29FB27D}.Release|Windows-AnyCPU.Deploy.0 = Release|Windows-AnyCPU
		{39C4BE0E-6C06-4CC1-8E62-F1C4A29FB27D}.Release|Windows-ARM.ActiveCfg = Release|Windows-ARM
		{39C4BE0E-6C06-4CC1-8E62-F1C4A29FB27D}.Release|Windows-ARM.Build.0 = Release|Windows-ARM
		{39C4BE0E-6C06-4CC1-8E62-F1C4A29FB27D}.Release|Windows-ARM.Deploy.0 = Release|Windows-ARM
		{39C4BE0E-6C06-4CC1-8E62-F1C4A29FB27D}.Release|Windows-x64.ActiveCfg = Release|Windows-x64
		{39C4BE0E-6C06-4CC1-8E62-F1C4A29FB27D}.Release|Windows-x64.Build.0 = Release|Windows-x64
		{39C4BE0E-6C06-4CC1-8E62-F1C4A29FB27D}.Release|Windows-x64.Deploy.0 = Release|Windows-x64
		{39C4BE0E-6C06-4CC1-8E62-F1C4A29FB27D}.Release|Windows-x86.ActiveCfg = Release|Windows-x86
		{39C4BE0E-6C06-4CC1-8E62-F1C4A29FB27D}.Release|Windows-x86.Build.0 = Release|Windows-x86
		{39C4BE0E-6C06-4CC1-8E62-F1C4A29FB27D}.Release|Windows-x86.Deploy.0 = Release|Windows-x86
		{781D0E4A-6C22-41D1-9576-0F41D711380E}.Debug|Android.ActiveCfg = Debug|Any CPU
		{781D0E4A-6C22-41D1-9576-0F41D711380E}.Debug|Any CPU.ActiveCfg = Debug|Any CPU
		{781D0E4A-6C22-41D1-9576-0F41D711380E}.Debug|Any CPU.Build.0 = Debug|Any CPU
		{781D0E4A-6C22-41D1-9576-0F41D711380E}.Debug|iOS.ActiveCfg = Debug|Any CPU
		{781D0E4A-6C22-41D1-9576-0F41D711380E}.Debug|Mixed Platforms.ActiveCfg = Debug|Any CPU
		{781D0E4A-6C22-41D1-9576-0F41D711380E}.Debug|Mixed Platforms.Build.0 = Debug|Any CPU
		{781D0E4A-6C22-41D1-9576-0F41D711380E}.Debug|Windows Phone (Universal).ActiveCfg = Debug|Any CPU
		{781D0E4A-6C22-41D1-9576-0F41D711380E}.Debug|Windows Phone 8.ActiveCfg = Debug|Any CPU
		{781D0E4A-6C22-41D1-9576-0F41D711380E}.Debug|Windows-AnyCPU.ActiveCfg = Debug|Any CPU
		{781D0E4A-6C22-41D1-9576-0F41D711380E}.Debug|Windows-ARM.ActiveCfg = Debug|Any CPU
		{781D0E4A-6C22-41D1-9576-0F41D711380E}.Debug|Windows-x64.ActiveCfg = Debug|Any CPU
		{781D0E4A-6C22-41D1-9576-0F41D711380E}.Debug|Windows-x86.ActiveCfg = Debug|Any CPU
		{781D0E4A-6C22-41D1-9576-0F41D711380E}.Distribution|Android.ActiveCfg = Debug|Any CPU
		{781D0E4A-6C22-41D1-9576-0F41D711380E}.Distribution|Any CPU.ActiveCfg = Debug|Any CPU
		{781D0E4A-6C22-41D1-9576-0F41D711380E}.Distribution|Any CPU.Build.0 = Debug|Any CPU
		{781D0E4A-6C22-41D1-9576-0F41D711380E}.Distribution|iOS.ActiveCfg = Debug|Any CPU
		{781D0E4A-6C22-41D1-9576-0F41D711380E}.Distribution|Mixed Platforms.ActiveCfg = Debug|Any CPU
		{781D0E4A-6C22-41D1-9576-0F41D711380E}.Distribution|Mixed Platforms.Build.0 = Debug|Any CPU
		{781D0E4A-6C22-41D1-9576-0F41D711380E}.Distribution|Windows Phone (Universal).ActiveCfg = Debug|Any CPU
		{781D0E4A-6C22-41D1-9576-0F41D711380E}.Distribution|Windows Phone 8.ActiveCfg = Debug|Any CPU
		{781D0E4A-6C22-41D1-9576-0F41D711380E}.Distribution|Windows-AnyCPU.ActiveCfg = Debug|Any CPU
		{781D0E4A-6C22-41D1-9576-0F41D711380E}.Distribution|Windows-ARM.ActiveCfg = Debug|Any CPU
		{781D0E4A-6C22-41D1-9576-0F41D711380E}.Distribution|Windows-x64.ActiveCfg = Debug|Any CPU
		{781D0E4A-6C22-41D1-9576-0F41D711380E}.Distribution|Windows-x86.ActiveCfg = Debug|Any CPU
		{781D0E4A-6C22-41D1-9576-0F41D711380E}.Release|Android.ActiveCfg = Release|Any CPU
		{781D0E4A-6C22-41D1-9576-0F41D711380E}.Release|Any CPU.ActiveCfg = Release|Any CPU
		{781D0E4A-6C22-41D1-9576-0F41D711380E}.Release|Any CPU.Build.0 = Release|Any CPU
		{781D0E4A-6C22-41D1-9576-0F41D711380E}.Release|iOS.ActiveCfg = Release|Any CPU
		{781D0E4A-6C22-41D1-9576-0F41D711380E}.Release|Mixed Platforms.ActiveCfg = Release|Any CPU
		{781D0E4A-6C22-41D1-9576-0F41D711380E}.Release|Mixed Platforms.Build.0 = Release|Any CPU
		{781D0E4A-6C22-41D1-9576-0F41D711380E}.Release|Windows Phone (Universal).ActiveCfg = Release|Any CPU
		{781D0E4A-6C22-41D1-9576-0F41D711380E}.Release|Windows Phone 8.ActiveCfg = Release|Any CPU
		{781D0E4A-6C22-41D1-9576-0F41D711380E}.Release|Windows-AnyCPU.ActiveCfg = Release|Any CPU
		{781D0E4A-6C22-41D1-9576-0F41D711380E}.Release|Windows-ARM.ActiveCfg = Release|Any CPU
		{781D0E4A-6C22-41D1-9576-0F41D711380E}.Release|Windows-x64.ActiveCfg = Release|Any CPU
		{781D0E4A-6C22-41D1-9576-0F41D711380E}.Release|Windows-x86.ActiveCfg = Release|Any CPU
		{A1A8EFA4-6F2F-4881-944E-742F7B59B092}.Debug|Android.ActiveCfg = Debug|Any CPU
		{A1A8EFA4-6F2F-4881-944E-742F7B59B092}.Debug|Any CPU.ActiveCfg = Debug|Any CPU
		{A1A8EFA4-6F2F-4881-944E-742F7B59B092}.Debug|Any CPU.Build.0 = Debug|Any CPU
		{A1A8EFA4-6F2F-4881-944E-742F7B59B092}.Debug|iOS.ActiveCfg = Debug|Any CPU
		{A1A8EFA4-6F2F-4881-944E-742F7B59B092}.Debug|Mixed Platforms.ActiveCfg = Debug|Any CPU
		{A1A8EFA4-6F2F-4881-944E-742F7B59B092}.Debug|Mixed Platforms.Build.0 = Debug|Any CPU
		{A1A8EFA4-6F2F-4881-944E-742F7B59B092}.Debug|Windows Phone (Universal).ActiveCfg = Debug|Any CPU
		{A1A8EFA4-6F2F-4881-944E-742F7B59B092}.Debug|Windows Phone 8.ActiveCfg = Debug|Any CPU
		{A1A8EFA4-6F2F-4881-944E-742F7B59B092}.Debug|Windows-AnyCPU.ActiveCfg = Debug|Any CPU
		{A1A8EFA4-6F2F-4881-944E-742F7B59B092}.Debug|Windows-ARM.ActiveCfg = Debug|Any CPU
		{A1A8EFA4-6F2F-4881-944E-742F7B59B092}.Debug|Windows-x64.ActiveCfg = Debug|Any CPU
		{A1A8EFA4-6F2F-4881-944E-742F7B59B092}.Debug|Windows-x86.ActiveCfg = Debug|Any CPU
		{A1A8EFA4-6F2F-4881-944E-742F7B59B092}.Distribution|Android.ActiveCfg = Debug|Any CPU
		{A1A8EFA4-6F2F-4881-944E-742F7B59B092}.Distribution|Any CPU.ActiveCfg = Debug|Any CPU
		{A1A8EFA4-6F2F-4881-944E-742F7B59B092}.Distribution|Any CPU.Build.0 = Debug|Any CPU
		{A1A8EFA4-6F2F-4881-944E-742F7B59B092}.Distribution|iOS.ActiveCfg = Debug|Any CPU
		{A1A8EFA4-6F2F-4881-944E-742F7B59B092}.Distribution|Mixed Platforms.ActiveCfg = Debug|Any CPU
		{A1A8EFA4-6F2F-4881-944E-742F7B59B092}.Distribution|Mixed Platforms.Build.0 = Debug|Any CPU
		{A1A8EFA4-6F2F-4881-944E-742F7B59B092}.Distribution|Windows Phone (Universal).ActiveCfg = Debug|Any CPU
		{A1A8EFA4-6F2F-4881-944E-742F7B59B092}.Distribution|Windows Phone 8.ActiveCfg = Debug|Any CPU
		{A1A8EFA4-6F2F-4881-944E-742F7B59B092}.Distribution|Windows-AnyCPU.ActiveCfg = Debug|Any CPU
		{A1A8EFA4-6F2F-4881-944E-742F7B59B092}.Distribution|Windows-ARM.ActiveCfg = Debug|Any CPU
		{A1A8EFA4-6F2F-4881-944E-742F7B59B092}.Distribution|Windows-x64.ActiveCfg = Debug|Any CPU
		{A1A8EFA4-6F2F-4881-944E-742F7B59B092}.Distribution|Windows-x86.ActiveCfg = Debug|Any CPU
		{A1A8EFA4-6F2F-4881-944E-742F7B59B092}.Release|Android.ActiveCfg = Release|Any CPU
		{A1A8EFA4-6F2F-4881-944E-742F7B59B092}.Release|Any CPU.ActiveCfg = Release|Any CPU
		{A1A8EFA4-6F2F-4881-944E-742F7B59B092}.Release|Any CPU.Build.0 = Release|Any CPU
		{A1A8EFA4-6F2F-4881-944E-742F7B59B092}.Release|iOS.ActiveCfg = Release|Any CPU
		{A1A8EFA4-6F2F-4881-944E-742F7B59B092}.Release|Mixed Platforms.ActiveCfg = Release|Any CPU
		{A1A8EFA4-6F2F-4881-944E-742F7B59B092}.Release|Mixed Platforms.Build.0 = Release|Any CPU
		{A1A8EFA4-6F2F-4881-944E-742F7B59B092}.Release|Windows Phone (Universal).ActiveCfg = Release|Any CPU
		{A1A8EFA4-6F2F-4881-944E-742F7B59B092}.Release|Windows Phone 8.ActiveCfg = Release|Any CPU
		{A1A8EFA4-6F2F-4881-944E-742F7B59B092}.Release|Windows-AnyCPU.ActiveCfg = Release|Any CPU
		{A1A8EFA4-6F2F-4881-944E-742F7B59B092}.Release|Windows-ARM.ActiveCfg = Release|Any CPU
		{A1A8EFA4-6F2F-4881-944E-742F7B59B092}.Release|Windows-x64.ActiveCfg = Release|Any CPU
		{A1A8EFA4-6F2F-4881-944E-742F7B59B092}.Release|Windows-x86.ActiveCfg = Release|Any CPU
		{846C3748-6666-438C-96EA-B34B1934B5C1}.Debug|Android.ActiveCfg = Debug|Any CPU
		{846C3748-6666-438C-96EA-B34B1934B5C1}.Debug|Any CPU.ActiveCfg = Debug|Any CPU
		{846C3748-6666-438C-96EA-B34B1934B5C1}.Debug|Any CPU.Build.0 = Debug|Any CPU
		{846C3748-6666-438C-96EA-B34B1934B5C1}.Debug|iOS.ActiveCfg = Debug|Any CPU
		{846C3748-6666-438C-96EA-B34B1934B5C1}.Debug|Mixed Platforms.ActiveCfg = Debug|Any CPU
		{846C3748-6666-438C-96EA-B34B1934B5C1}.Debug|Mixed Platforms.Build.0 = Debug|Any CPU
		{846C3748-6666-438C-96EA-B34B1934B5C1}.Debug|Windows Phone (Universal).ActiveCfg = Debug|Any CPU
		{846C3748-6666-438C-96EA-B34B1934B5C1}.Debug|Windows Phone 8.ActiveCfg = Debug|Any CPU
		{846C3748-6666-438C-96EA-B34B1934B5C1}.Debug|Windows-AnyCPU.ActiveCfg = Debug|Any CPU
		{846C3748-6666-438C-96EA-B34B1934B5C1}.Debug|Windows-ARM.ActiveCfg = Debug|Any CPU
		{846C3748-6666-438C-96EA-B34B1934B5C1}.Debug|Windows-x64.ActiveCfg = Debug|Any CPU
		{846C3748-6666-438C-96EA-B34B1934B5C1}.Debug|Windows-x86.ActiveCfg = Debug|Any CPU
		{846C3748-6666-438C-96EA-B34B1934B5C1}.Distribution|Android.ActiveCfg = Debug|Any CPU
		{846C3748-6666-438C-96EA-B34B1934B5C1}.Distribution|Any CPU.ActiveCfg = Debug|Any CPU
		{846C3748-6666-438C-96EA-B34B1934B5C1}.Distribution|Any CPU.Build.0 = Debug|Any CPU
		{846C3748-6666-438C-96EA-B34B1934B5C1}.Distribution|iOS.ActiveCfg = Debug|Any CPU
		{846C3748-6666-438C-96EA-B34B1934B5C1}.Distribution|Mixed Platforms.ActiveCfg = Debug|Any CPU
		{846C3748-6666-438C-96EA-B34B1934B5C1}.Distribution|Mixed Platforms.Build.0 = Debug|Any CPU
		{846C3748-6666-438C-96EA-B34B1934B5C1}.Distribution|Windows Phone (Universal).ActiveCfg = Debug|Any CPU
		{846C3748-6666-438C-96EA-B34B1934B5C1}.Distribution|Windows Phone 8.ActiveCfg = Debug|Any CPU
		{846C3748-6666-438C-96EA-B34B1934B5C1}.Distribution|Windows-AnyCPU.ActiveCfg = Debug|Any CPU
		{846C3748-6666-438C-96EA-B34B1934B5C1}.Distribution|Windows-ARM.ActiveCfg = Debug|Any CPU
		{846C3748-6666-438C-96EA-B34B1934B5C1}.Distribution|Windows-x64.ActiveCfg = Debug|Any CPU
		{846C3748-6666-438C-96EA-B34B1934B5C1}.Distribution|Windows-x86.ActiveCfg = Debug|Any CPU
		{846C3748-6666-438C-96EA-B34B1934B5C1}.Release|Android.ActiveCfg = Release|Any CPU
		{846C3748-6666-438C-96EA-B34B1934B5C1}.Release|Any CPU.ActiveCfg = Release|Any CPU
		{846C3748-6666-438C-96EA-B34B1934B5C1}.Release|Any CPU.Build.0 = Release|Any CPU
		{846C3748-6666-438C-96EA-B34B1934B5C1}.Release|iOS.ActiveCfg = Release|Any CPU
		{846C3748-6666-438C-96EA-B34B1934B5C1}.Release|Mixed Platforms.ActiveCfg = Release|Any CPU
		{846C3748-6666-438C-96EA-B34B1934B5C1}.Release|Mixed Platforms.Build.0 = Release|Any CPU
		{846C3748-6666-438C-96EA-B34B1934B5C1}.Release|Windows Phone (Universal).ActiveCfg = Release|Any CPU
		{846C3748-6666-438C-96EA-B34B1934B5C1}.Release|Windows Phone 8.ActiveCfg = Release|Any CPU
		{846C3748-6666-438C-96EA-B34B1934B5C1}.Release|Windows-AnyCPU.ActiveCfg = Release|Any CPU
		{846C3748-6666-438C-96EA-B34B1934B5C1}.Release|Windows-ARM.ActiveCfg = Release|Any CPU
		{846C3748-6666-438C-96EA-B34B1934B5C1}.Release|Windows-x64.ActiveCfg = Release|Any CPU
		{846C3748-6666-438C-96EA-B34B1934B5C1}.Release|Windows-x86.ActiveCfg = Release|Any CPU
		{563357BD-1E68-4036-9C70-A97666C63F20}.Debug|Android.ActiveCfg = Debug|Any CPU
		{563357BD-1E68-4036-9C70-A97666C63F20}.Debug|Any CPU.ActiveCfg = Debug|Any CPU
		{563357BD-1E68-4036-9C70-A97666C63F20}.Debug|Any CPU.Build.0 = Debug|Any CPU
		{563357BD-1E68-4036-9C70-A97666C63F20}.Debug|iOS.ActiveCfg = Debug|Any CPU
		{563357BD-1E68-4036-9C70-A97666C63F20}.Debug|Mixed Platforms.ActiveCfg = Debug|Any CPU
		{563357BD-1E68-4036-9C70-A97666C63F20}.Debug|Mixed Platforms.Build.0 = Debug|Any CPU
		{563357BD-1E68-4036-9C70-A97666C63F20}.Debug|Windows Phone (Universal).ActiveCfg = Debug|Any CPU
		{563357BD-1E68-4036-9C70-A97666C63F20}.Debug|Windows Phone 8.ActiveCfg = Debug|Any CPU
		{563357BD-1E68-4036-9C70-A97666C63F20}.Debug|Windows-AnyCPU.ActiveCfg = Debug|Any CPU
		{563357BD-1E68-4036-9C70-A97666C63F20}.Debug|Windows-ARM.ActiveCfg = Debug|Any CPU
		{563357BD-1E68-4036-9C70-A97666C63F20}.Debug|Windows-x64.ActiveCfg = Debug|Any CPU
		{563357BD-1E68-4036-9C70-A97666C63F20}.Debug|Windows-x86.ActiveCfg = Debug|Any CPU
		{563357BD-1E68-4036-9C70-A97666C63F20}.Distribution|Android.ActiveCfg = Debug|Any CPU
		{563357BD-1E68-4036-9C70-A97666C63F20}.Distribution|Any CPU.ActiveCfg = Debug|Any CPU
		{563357BD-1E68-4036-9C70-A97666C63F20}.Distribution|Any CPU.Build.0 = Debug|Any CPU
		{563357BD-1E68-4036-9C70-A97666C63F20}.Distribution|iOS.ActiveCfg = Debug|Any CPU
		{563357BD-1E68-4036-9C70-A97666C63F20}.Distribution|Mixed Platforms.ActiveCfg = Debug|Any CPU
		{563357BD-1E68-4036-9C70-A97666C63F20}.Distribution|Mixed Platforms.Build.0 = Debug|Any CPU
		{563357BD-1E68-4036-9C70-A97666C63F20}.Distribution|Windows Phone (Universal).ActiveCfg = Debug|Any CPU
		{563357BD-1E68-4036-9C70-A97666C63F20}.Distribution|Windows Phone 8.ActiveCfg = Debug|Any CPU
		{563357BD-1E68-4036-9C70-A97666C63F20}.Distribution|Windows-AnyCPU.ActiveCfg = Debug|Any CPU
		{563357BD-1E68-4036-9C70-A97666C63F20}.Distribution|Windows-ARM.ActiveCfg = Debug|Any CPU
		{563357BD-1E68-4036-9C70-A97666C63F20}.Distribution|Windows-x64.ActiveCfg = Debug|Any CPU
		{563357BD-1E68-4036-9C70-A97666C63F20}.Distribution|Windows-x86.ActiveCfg = Debug|Any CPU
		{563357BD-1E68-4036-9C70-A97666C63F20}.Release|Android.ActiveCfg = Release|Any CPU
		{563357BD-1E68-4036-9C70-A97666C63F20}.Release|Any CPU.ActiveCfg = Release|Any CPU
		{563357BD-1E68-4036-9C70-A97666C63F20}.Release|Any CPU.Build.0 = Release|Any CPU
		{563357BD-1E68-4036-9C70-A97666C63F20}.Release|iOS.ActiveCfg = Release|Any CPU
		{563357BD-1E68-4036-9C70-A97666C63F20}.Release|Mixed Platforms.ActiveCfg = Release|Any CPU
		{563357BD-1E68-4036-9C70-A97666C63F20}.Release|Mixed Platforms.Build.0 = Release|Any CPU
		{563357BD-1E68-4036-9C70-A97666C63F20}.Release|Windows Phone (Universal).ActiveCfg = Release|Any CPU
		{563357BD-1E68-4036-9C70-A97666C63F20}.Release|Windows Phone 8.ActiveCfg = Release|Any CPU
		{563357BD-1E68-4036-9C70-A97666C63F20}.Release|Windows-AnyCPU.ActiveCfg = Release|Any CPU
		{563357BD-1E68-4036-9C70-A97666C63F20}.Release|Windows-ARM.ActiveCfg = Release|Any CPU
		{563357BD-1E68-4036-9C70-A97666C63F20}.Release|Windows-x64.ActiveCfg = Release|Any CPU
		{563357BD-1E68-4036-9C70-A97666C63F20}.Release|Windows-x86.ActiveCfg = Release|Any CPU
	EndGlobalSection
	GlobalSection(SolutionProperties) = preSolution
		HideSolutionNode = FALSE
	EndGlobalSection
EndGlobal
